<?xml version="1.0" encoding="utf-8"?>
<Project ToolsVersion="4.0" xmlns="http://schemas.microsoft.com/developer/msbuild/2003">
  <ItemGroup>
    <ClCompile Include="snCameraScript.cpp">
      <Filter>Script</Filter>
    </ClCompile>
    <ClCompile Include="snPlayScene.cpp">
      <Filter>Scene</Filter>
    </ClCompile>
    <ClCompile Include="SnowEngine.cpp" />
    <ClCompile Include="snDungeonScene.cpp">
      <Filter>Scene\Dungeon</Filter>
    </ClCompile>
    <ClCompile Include="snVillageScene.cpp">
      <Filter>Scene\Village</Filter>
    </ClCompile>
    <ClCompile Include="snTitleScene.cpp">
      <Filter>Scene\Title</Filter>
    </ClCompile>
  </ItemGroup>
  <ItemGroup>
    <ClInclude Include="framework.h" />
    <ClInclude Include="snCameraScript.h">
      <Filter>Script</Filter>
    </ClInclude>
    <ClInclude Include="snPlayScene.h">
      <Filter>Scene</Filter>
    </ClInclude>
    <ClInclude Include="LoadScenes.h">
      <Filter>Load</Filter>
    </ClInclude>
    <ClInclude Include="snDungeonScene.h">
      <Filter>Scene\Dungeon</Filter>
    </ClInclude>
    <ClInclude Include="snVillageScene.h">
      <Filter>Scene\Village</Filter>
    </ClInclude>
    <ClInclude Include="snTitleScene.h">
      <Filter>Scene\Title</Filter>
    </ClInclude>
  </ItemGroup>
  <ItemGroup>
    <Filter Include="Load">
      <UniqueIdentifier>{a9206780-e198-4ab7-b2c1-c3e28b19a084}</UniqueIdentifier>
    </Filter>
    <Filter Include="Scene">
      <UniqueIdentifier>{6e773809-e944-481d-b729-4078583095ae}</UniqueIdentifier>
    </Filter>
    <Filter Include="Script">
      <UniqueIdentifier>{b3fcc8aa-7452-4e05-ba0c-161bff2af79c}</UniqueIdentifier>
    </Filter>
    <Filter Include="Scene\Dungeon">
      <UniqueIdentifier>{5ed970bb-4685-403b-90e7-7a55907d38d2}</UniqueIdentifier>
    </Filter>
    <Filter Include="Scene\Village">
      <UniqueIdentifier>{2dc68194-ee97-4531-80d5-cf2ddc6bdb4a}</UniqueIdentifier>
    </Filter>
    <Filter Include="Scene\DugeonGate">
      <UniqueIdentifier>{bc4e9370-abe3-4869-b90c-118b34d5d0ad}</UniqueIdentifier>
    </Filter>
    <Filter Include="Scene\Title">
      <UniqueIdentifier>{503b2401-a6b0-4bcf-af4b-c1427fde3a14}</UniqueIdentifier>
    </Filter>
  </ItemGroup>
</Project>